{
  "name": "pi-ditto-nodejs",
  "version": "1.0.0",
  "lockfileVersion": 3,
  "requires": true,
  "packages": {
    "": {
      "name": "pi-ditto-nodejs",
      "version": "1.0.0",
      "license": "ISC",
      "dependencies": {
        "@dittolive/ditto": "^4.4.2",
        "onoff": "^6.0.3",
        "properties-reader": "^2.3.0"
      }
    },
    "node_modules/@deno/shim-deno": {
      "version": "0.16.1",
      "resolved": "https://registry.npmjs.org/@deno/shim-deno/-/shim-deno-0.16.1.tgz",
      "integrity": "sha512-s9v0kzF5bm/o9TgdwvsraHx6QNllYrXXmKzgOG2lh4LFXnVMr2gpjK/c/ve6EflQn1MqImcWmVD8HAv5ahuuZQ==",
      "dependencies": {
        "@deno/shim-deno-test": "^0.4.0",
        "which": "^2.0.2"
      }
    },
    "node_modules/@deno/shim-deno-test": {
      "version": "0.4.0",
      "resolved": "https://registry.npmjs.org/@deno/shim-deno-test/-/shim-deno-test-0.4.0.tgz",
      "integrity": "sha512-oYWcD7CpERZy/TXMTM9Tgh1HD/POHlbY9WpzmAk+5H8DohcxG415Qws8yLGlim3EaKBT2v3lJv01x4G0BosnaQ=="
    },
    "node_modules/@dittolive/ditto": {
      "version": "4.4.2",
      "resolved": "https://registry.npmjs.org/@dittolive/ditto/-/ditto-4.4.2.tgz",
      "integrity": "sha512-nxKVk0fjHoLs/lAdmZFVYvlP+d+cEhmAt2abCZOzmheqITbRZ5U8joM6aIeMAWYqjGgG89fe81wWZgsPmKL9TA==",
      "dependencies": {
        "cbor-redux": "^1.0.0"
      },
      "engines": {
        "node": ">=14"
      }
    },
    "node_modules/bindings": {
      "version": "1.5.0",
      "resolved": "https://registry.npmjs.org/bindings/-/bindings-1.5.0.tgz",
      "integrity": "sha512-p2q/t/mhvuOj/UeLlV6566GD/guowlr0hHxClI0W9m7MWYkL1F0hLo+0Aexs9HSPCtR1SXQ0TD3MMKrXZajbiQ==",
      "dependencies": {
        "file-uri-to-path": "1.0.0"
      }
    },
    "node_modules/cbor-redux": {
      "version": "1.0.0",
      "resolved": "https://registry.npmjs.org/cbor-redux/-/cbor-redux-1.0.0.tgz",
      "integrity": "sha512-nqCD/Yu2FON0XgZYdUNsMx1Tc08MOY3noh9bO2MvkjlyLZyqIVWjuz6A0mDrPJncdOfacokFUtF7zlzzP5oK5A==",
      "dependencies": {
        "@deno/shim-deno": "~0.16.1"
      }
    },
    "node_modules/epoll": {
      "version": "4.0.2",
      "resolved": "https://registry.npmjs.org/epoll/-/epoll-4.0.2.tgz",
      "integrity": "sha512-4KtBBSBYAfyta2/4TIFT4P7pZdDjU6UPvdzWcF4Fy6Q300V08Wdj/82ovAZBUDra6TTjsKsfy12Qxuwc3ob+Qw==",
      "hasInstallScript": true,
      "dependencies": {
        "bindings": "^1.5.0",
        "nan": "^2.17.0"
      },
      "engines": {
        "node": ">=10.0.0"
      }
    },
    "node_modules/file-uri-to-path": {
      "version": "1.0.0",
      "resolved": "https://registry.npmjs.org/file-uri-to-path/-/file-uri-to-path-1.0.0.tgz",
      "integrity": "sha512-0Zt+s3L7Vf1biwWZ29aARiVYLx7iMGnEUl9x33fbB/j3jR81u/O2LbqK+Bm1CDSNDKVtJ/YjwY7TUd5SkeLQLw=="
    },
    "node_modules/isexe": {
      "version": "2.0.0",
      "resolved": "https://registry.npmjs.org/isexe/-/isexe-2.0.0.tgz",
      "integrity": "sha512-RHxMLp9lnKHGHRng9QFhRCMbYAcVpn69smSGcq3f36xjgVVWThj4qqLbTLlq7Ssj8B+fIQ1EuCEGI2lKsyQeIw=="
    },
    "node_modules/lodash.debounce": {
      "version": "4.0.8",
      "resolved": "https://registry.npmjs.org/lodash.debounce/-/lodash.debounce-4.0.8.tgz",
      "integrity": "sha512-FT1yDzDYEoYWhnSGnpE/4Kj1fLZkDFyqRb7fNt6FdYOSxlUWAtp42Eh6Wb0rGIv/m9Bgo7x4GhQbm5Ys4SG5ow=="
    },
    "node_modules/mkdirp": {
      "version": "1.0.4",
      "resolved": "https://registry.npmjs.org/mkdirp/-/mkdirp-1.0.4.tgz",
      "integrity": "sha512-vVqVZQyf3WLx2Shd0qJ9xuvqgAyKPLAiqITEtqW0oIUjzo3PePDd6fW9iFz30ef7Ysp/oiWqbhszeGWW2T6Gzw==",
      "bin": {
        "mkdirp": "bin/cmd.js"
      },
      "engines": {
        "node": ">=10"
      }
    },
    "node_modules/nan": {
      "version": "2.18.0",
      "resolved": "https://registry.npmjs.org/nan/-/nan-2.18.0.tgz",
      "integrity": "sha512-W7tfG7vMOGtD30sHoZSSc/JVYiyDPEyQVso/Zz+/uQd0B0L46gtC+pHha5FFMRpil6fm/AoEcRWyOVi4+E/f8w=="
    },
    "node_modules/onoff": {
      "version": "6.0.3",
      "resolved": "https://registry.npmjs.org/onoff/-/onoff-6.0.3.tgz",
      "integrity": "sha512-xtVlwRDzswYM69bzzIui/qzu7QHsFnjsQiCV1iYVA/HXt5xdc9utc97SYAlXzK8wAhIN7+H7MaVqh2vpfdKk9A==",
      "dependencies": {
        "epoll": "^4.0.1",
        "lodash.debounce": "^4.0.8"
      },
      "engines": {
        "node": ">=10.0.0"
      }
    },
    "node_modules/properties-reader": {
      "version": "2.3.0",
      "resolved": "https://registry.npmjs.org/properties-reader/-/properties-reader-2.3.0.tgz",
      "integrity": "sha512-z597WicA7nDZxK12kZqHr2TcvwNU1GCfA5UwfDY/HDp3hXPoPlb5rlEx9bwGTiJnc0OqbBTkU975jDToth8Gxw==",
      "dependencies": {
        "mkdirp": "^1.0.4"
      },
      "engines": {
        "node": ">=14"
      },
      "funding": {
        "type": "github",
        "url": "https://github.com/steveukx/properties?sponsor=1"
      }
    },
    "node_modules/which": {
      "version": "2.0.2",
      "resolved": "https://registry.npmjs.org/which/-/which-2.0.2.tgz",
      "integrity": "sha512-BLI3Tl1TW3Pvl70l3yq3Y64i+awpwXqsGBYWkkqMtnbXgrMD+yj7rhW0kuEDxzJaYXGjEW5ogapKNMEKNMjibA==",
      "dependencies": {
        "isexe": "^2.0.0"
      },
      "bin": {
        "node-which": "bin/node-which"
      },
      "engines": {
        "node": ">= 8"
      }
    }
  }
}
